
Microsoft Visual Studio Solution File, Format Version 12.00
# Visual Studio Version 16
VisualStudioVersion = 16.0.31613.86
MinimumVisualStudioVersion = 10.0.40219.1
Project("{FAE04EC0-301F-11D3-BF4B-00C04F79EFBC}") = "ITMO.CharpLesons", "ITMO.CharpLesons\ITMO.CharpLesons.csproj", "{7CAB409C-ECD7-44EE-AC3A-5A4785E58669}"
EndProject
Global
	GlobalSection(SolutionConfigurationPlatforms) = preSolution
		Debug|Any CPU = Debug|Any CPU
		Release|Any CPU = Release|Any CPU
	EndGlobalSection
	GlobalSection(ProjectConfigurationPlatforms) = postSolution
		{7CAB409C-ECD7-44EE-AC3A-5A4785E58669}.Debug|Any CPU.ActiveCfg = Debug|Any CPU
		{7CAB409C-ECD7-44EE-AC3A-5A4785E58669}.Debug|Any CPU.Build.0 = Debug|Any CPU
		{7CAB409C-ECD7-44EE-AC3A-5A4785E58669}.Release|Any CPU.ActiveCfg = Release|Any CPU
		{7CAB409C-ECD7-44EE-AC3A-5A4785E58669}.Release|Any CPU.Build.0 = Release|Any CPU
	EndGlobalSection
	GlobalSection(SolutionProperties) = preSolution
		HideSolutionNode = FALSE
	EndGlobalSection
	GlobalSection(ExtensibilityGlobals) = postSolution
		SolutionGuid = {57D3147F-D217-43F3-931C-846984EA8136}
	EndGlobalSection
EndGlobal
