
Microsoft Visual Studio Solution File, Format Version 12.00
# Visual Studio Version 16
VisualStudioVersion = 16.0.31613.86
MinimumVisualStudioVersion = 10.0.40219.1
Project("{FAE04EC0-301F-11D3-BF4B-00C04F79EFBC}") = "WpfRoutedEvent_2_1", "WpfRoutedEvent_2_1\WpfRoutedEvent_2_1.csproj", "{5EDFF504-576E-4268-9813-B4BAC787FDCE}"
EndProject
Global
	GlobalSection(SolutionConfigurationPlatforms) = preSolution
		Debug|Any CPU = Debug|Any CPU
		Release|Any CPU = Release|Any CPU
	EndGlobalSection
	GlobalSection(ProjectConfigurationPlatforms) = postSolution
		{5EDFF504-576E-4268-9813-B4BAC787FDCE}.Debug|Any CPU.ActiveCfg = Debug|Any CPU
		{5EDFF504-576E-4268-9813-B4BAC787FDCE}.Debug|Any CPU.Build.0 = Debug|Any CPU
		{5EDFF504-576E-4268-9813-B4BAC787FDCE}.Release|Any CPU.ActiveCfg = Release|Any CPU
		{5EDFF504-576E-4268-9813-B4BAC787FDCE}.Release|Any CPU.Build.0 = Release|Any CPU
	EndGlobalSection
	GlobalSection(SolutionProperties) = preSolution
		HideSolutionNode = FALSE
	EndGlobalSection
	GlobalSection(ExtensibilityGlobals) = postSolution
		SolutionGuid = {1D24E509-362C-4856-BB10-AE9847738686}
	EndGlobalSection
EndGlobal
