
Microsoft Visual Studio Solution File, Format Version 12.00
# Visual Studio Version 16
VisualStudioVersion = 16.0.31613.86
MinimumVisualStudioVersion = 10.0.40219.1
Project("{FAE04EC0-301F-11D3-BF4B-00C04F79EFBC}") = "Lab1.Ex5.1", "Lab1.Ex5.1\Lab1.Ex5.1.csproj", "{04CBB30E-A5FB-4EA0-9743-D538693F4C74}"
EndProject
Global
	GlobalSection(SolutionConfigurationPlatforms) = preSolution
		Debug|Any CPU = Debug|Any CPU
		Release|Any CPU = Release|Any CPU
	EndGlobalSection
	GlobalSection(ProjectConfigurationPlatforms) = postSolution
		{04CBB30E-A5FB-4EA0-9743-D538693F4C74}.Debug|Any CPU.ActiveCfg = Debug|Any CPU
		{04CBB30E-A5FB-4EA0-9743-D538693F4C74}.Debug|Any CPU.Build.0 = Debug|Any CPU
		{04CBB30E-A5FB-4EA0-9743-D538693F4C74}.Release|Any CPU.ActiveCfg = Release|Any CPU
		{04CBB30E-A5FB-4EA0-9743-D538693F4C74}.Release|Any CPU.Build.0 = Release|Any CPU
	EndGlobalSection
	GlobalSection(SolutionProperties) = preSolution
		HideSolutionNode = FALSE
	EndGlobalSection
	GlobalSection(ExtensibilityGlobals) = postSolution
		SolutionGuid = {C296D792-B4B9-42C8-B14E-F99E5A04B66D}
	EndGlobalSection
EndGlobal
