
Microsoft Visual Studio Solution File, Format Version 12.00
# Visual Studio Version 16
VisualStudioVersion = 16.0.31613.86
MinimumVisualStudioVersion = 10.0.40219.1
Project("{FAE04EC0-301F-11D3-BF4B-00C04F79EFBC}") = "WpfHello", "WpfHello\WpfHello.csproj", "{77C1AC59-2565-472B-9CAA-C9F515348AA0}"
EndProject
Global
	GlobalSection(SolutionConfigurationPlatforms) = preSolution
		Debug|Any CPU = Debug|Any CPU
		Release|Any CPU = Release|Any CPU
	EndGlobalSection
	GlobalSection(ProjectConfigurationPlatforms) = postSolution
		{77C1AC59-2565-472B-9CAA-C9F515348AA0}.Debug|Any CPU.ActiveCfg = Debug|Any CPU
		{77C1AC59-2565-472B-9CAA-C9F515348AA0}.Debug|Any CPU.Build.0 = Debug|Any CPU
		{77C1AC59-2565-472B-9CAA-C9F515348AA0}.Release|Any CPU.ActiveCfg = Release|Any CPU
		{77C1AC59-2565-472B-9CAA-C9F515348AA0}.Release|Any CPU.Build.0 = Release|Any CPU
	EndGlobalSection
	GlobalSection(SolutionProperties) = preSolution
		HideSolutionNode = FALSE
	EndGlobalSection
	GlobalSection(ExtensibilityGlobals) = postSolution
		SolutionGuid = {E470A198-592C-4D57-B710-43127B21FF54}
	EndGlobalSection
EndGlobal
